PODS:
  - BEMCheckBox (1.4.1)
  - GoogleMaps (2.3.1):
    - GoogleMaps/Maps (= 2.3.1)
  - GoogleMaps/Base (2.3.1)
  - GoogleMaps/Maps (2.3.1):
    - GoogleMaps/Base
  - HCSStarRatingView (1.4.5)

DEPENDENCIES:
  - BEMCheckBox (~> 1.4.1)
  - GoogleMaps
  - HCSStarRatingView (~> 1.4.5)

SPEC CHECKSUMS:
  BEMCheckBox: 5ba6e37ade3d3657b36caecc35c8b75c6c2b1a4e
  GoogleMaps: c66a71058b9b1294bcdd5463a68e357fa50c079f
  HCSStarRatingView: bff3f89314d3b5013ce826ea11897d3129ff6b8c

PODFILE CHECKSUM: aed4d5210b775f76f004f23fb381e62a04aebb22

COCOAPODS: 1.2.1
